
Microsoft Visual Studio Solution File, Format Version 12.00
# Visual Studio Version 17
VisualStudioVersion = 17.8.34408.163
MinimumVisualStudioVersion = 10.0.40219.1
Project("{9A19103F-16F7-4668-BE54-9A1E7A4F7556}") = "TraversalCoreProje", "TraversalCoreProje\TraversalCoreProje.csproj", "{83534B21-0731-45CD-BD42-3CCE91B1D410}"
EndProject
Project("{9A19103F-16F7-4668-BE54-9A1E7A4F7556}") = "EntityLayer", "EntityLayer\EntityLayer.csproj", "{4E4D4651-7EC6-4E47-B180-A50099468A3A}"
EndProject
Project("{9A19103F-16F7-4668-BE54-9A1E7A4F7556}") = "DataAccessLayer", "DataAccessLayer\DataAccessLayer.csproj", "{E28EDF96-67EF-4FD4-B1F4-9178D863C7A7}"
EndProject
Project("{9A19103F-16F7-4668-BE54-9A1E7A4F7556}") = "BusinessLayer", "BusinessLayer\BusinessLayer.csproj", "{9AA348B8-4C00-4F1F-9347-680DAD801587}"
EndProject
Project("{9A19103F-16F7-4668-BE54-9A1E7A4F7556}") = "DtoLayer", "DtoLayer\DtoLayer.csproj", "{2FA4D8F5-847B-48B2-BC11-09D1F846BD41}"
EndProject
Project("{9A19103F-16F7-4668-BE54-9A1E7A4F7556}") = "TraversalCoreProjeSignalRApi", "TraversalCoreProjeSignalRApi\TraversalCoreProjeSignalRApi.csproj", "{E4B1F009-75B8-426E-A901-9D1FE4B88E83}"
EndProject
Project("{9A19103F-16F7-4668-BE54-9A1E7A4F7556}") = "TraversalCoreProje.SignalR.Consume", "TraversalCoreProje.SignalR.Consume\TraversalCoreProje.SignalR.Consume.csproj", "{148882FF-60F2-4CE5-A913-DE2419189D78}"
EndProject
Project("{FAE04EC0-301F-11D3-BF4B-00C04F79EFBC}") = "TraversalCoreProje.SignalRApiForSql", "TraversalCoreProje.SignalRApiForSql\TraversalCoreProje.SignalRApiForSql.csproj", "{E78FAF7D-A3D9-426E-9727-1CB0F4A95D51}"
EndProject
Global
	GlobalSection(SolutionConfigurationPlatforms) = preSolution
		Debug|Any CPU = Debug|Any CPU
		Release|Any CPU = Release|Any CPU
	EndGlobalSection
	GlobalSection(ProjectConfigurationPlatforms) = postSolution
		{83534B21-0731-45CD-BD42-3CCE91B1D410}.Debug|Any CPU.ActiveCfg = Debug|Any CPU
		{83534B21-0731-45CD-BD42-3CCE91B1D410}.Debug|Any CPU.Build.0 = Debug|Any CPU
		{83534B21-0731-45CD-BD42-3CCE91B1D410}.Release|Any CPU.ActiveCfg = Release|Any CPU
		{83534B21-0731-45CD-BD42-3CCE91B1D410}.Release|Any CPU.Build.0 = Release|Any CPU
		{4E4D4651-7EC6-4E47-B180-A50099468A3A}.Debug|Any CPU.ActiveCfg = Debug|Any CPU
		{4E4D4651-7EC6-4E47-B180-A50099468A3A}.Debug|Any CPU.Build.0 = Debug|Any CPU
		{4E4D4651-7EC6-4E47-B180-A50099468A3A}.Release|Any CPU.ActiveCfg = Release|Any CPU
		{4E4D4651-7EC6-4E47-B180-A50099468A3A}.Release|Any CPU.Build.0 = Release|Any CPU
		{E28EDF96-67EF-4FD4-B1F4-9178D863C7A7}.Debug|Any CPU.ActiveCfg = Debug|Any CPU
		{E28EDF96-67EF-4FD4-B1F4-9178D863C7A7}.Debug|Any CPU.Build.0 = Debug|Any CPU
		{E28EDF96-67EF-4FD4-B1F4-9178D863C7A7}.Release|Any CPU.ActiveCfg = Release|Any CPU
		{E28EDF96-67EF-4FD4-B1F4-9178D863C7A7}.Release|Any CPU.Build.0 = Release|Any CPU
		{9AA348B8-4C00-4F1F-9347-680DAD801587}.Debug|Any CPU.ActiveCfg = Debug|Any CPU
		{9AA348B8-4C00-4F1F-9347-680DAD801587}.Debug|Any CPU.Build.0 = Debug|Any CPU
		{9AA348B8-4C00-4F1F-9347-680DAD801587}.Release|Any CPU.ActiveCfg = Release|Any CPU
		{9AA348B8-4C00-4F1F-9347-680DAD801587}.Release|Any CPU.Build.0 = Release|Any CPU
		{2FA4D8F5-847B-48B2-BC11-09D1F846BD41}.Debug|Any CPU.ActiveCfg = Debug|Any CPU
		{2FA4D8F5-847B-48B2-BC11-09D1F846BD41}.Debug|Any CPU.Build.0 = Debug|Any CPU
		{2FA4D8F5-847B-48B2-BC11-09D1F846BD41}.Release|Any CPU.ActiveCfg = Release|Any CPU
		{2FA4D8F5-847B-48B2-BC11-09D1F846BD41}.Release|Any CPU.Build.0 = Release|Any CPU
		{E4B1F009-75B8-426E-A901-9D1FE4B88E83}.Debug|Any CPU.ActiveCfg = Debug|Any CPU
		{E4B1F009-75B8-426E-A901-9D1FE4B88E83}.Debug|Any CPU.Build.0 = Debug|Any CPU
		{E4B1F009-75B8-426E-A901-9D1FE4B88E83}.Release|Any CPU.ActiveCfg = Release|Any CPU
		{E4B1F009-75B8-426E-A901-9D1FE4B88E83}.Release|Any CPU.Build.0 = Release|Any CPU
		{148882FF-60F2-4CE5-A913-DE2419189D78}.Debug|Any CPU.ActiveCfg = Debug|Any CPU
		{148882FF-60F2-4CE5-A913-DE2419189D78}.Debug|Any CPU.Build.0 = Debug|Any CPU
		{148882FF-60F2-4CE5-A913-DE2419189D78}.Release|Any CPU.ActiveCfg = Release|Any CPU
		{148882FF-60F2-4CE5-A913-DE2419189D78}.Release|Any CPU.Build.0 = Release|Any CPU
		{E78FAF7D-A3D9-426E-9727-1CB0F4A95D51}.Debug|Any CPU.ActiveCfg = Debug|Any CPU
		{E78FAF7D-A3D9-426E-9727-1CB0F4A95D51}.Debug|Any CPU.Build.0 = Debug|Any CPU
		{E78FAF7D-A3D9-426E-9727-1CB0F4A95D51}.Release|Any CPU.ActiveCfg = Release|Any CPU
		{E78FAF7D-A3D9-426E-9727-1CB0F4A95D51}.Release|Any CPU.Build.0 = Release|Any CPU
	EndGlobalSection
	GlobalSection(SolutionProperties) = preSolution
		HideSolutionNode = FALSE
	EndGlobalSection
	GlobalSection(ExtensibilityGlobals) = postSolution
		SolutionGuid = {62DF898A-6FFA-45C5-BB4B-DD552253577E}
	EndGlobalSection
EndGlobal
